
Microsoft Visual Studio Solution File, Format Version 12.00
# Visual Studio Version 17
VisualStudioVersion = 17.5.33530.505
MinimumVisualStudioVersion = 10.0.40219.1
Project("{9A19103F-16F7-4668-BE54-9A1E7A4F7556}") = "BlogWebsite", "BlogWebsite\BlogWebsite.csproj", "{2A1D8245-C5AB-4E62-8026-68DB4B757167}"
EndProject
Project("{FAE04EC0-301F-11D3-BF4B-00C04F79EFBC}") = "EmailService", "EmailService\EmailService.csproj", "{1AFFC1DE-FE81-4034-8CED-F5C8B4729B28}"
EndProject
Global
	GlobalSection(SolutionConfigurationPlatforms) = preSolution
		Debug|Any CPU = Debug|Any CPU
		Release|Any CPU = Release|Any CPU
	EndGlobalSection
	GlobalSection(ProjectConfigurationPlatforms) = postSolution
		{2A1D8245-C5AB-4E62-8026-68DB4B757167}.Debug|Any CPU.ActiveCfg = Debug|Any CPU
		{2A1D8245-C5AB-4E62-8026-68DB4B757167}.Debug|Any CPU.Build.0 = Debug|Any CPU
		{2A1D8245-C5AB-4E62-8026-68DB4B757167}.Release|Any CPU.ActiveCfg = Release|Any CPU
		{2A1D8245-C5AB-4E62-8026-68DB4B757167}.Release|Any CPU.Build.0 = Release|Any CPU
		{1AFFC1DE-FE81-4034-8CED-F5C8B4729B28}.Debug|Any CPU.ActiveCfg = Debug|Any CPU
		{1AFFC1DE-FE81-4034-8CED-F5C8B4729B28}.Debug|Any CPU.Build.0 = Debug|Any CPU
		{1AFFC1DE-FE81-4034-8CED-F5C8B4729B28}.Release|Any CPU.ActiveCfg = Release|Any CPU
		{1AFFC1DE-FE81-4034-8CED-F5C8B4729B28}.Release|Any CPU.Build.0 = Release|Any CPU
	EndGlobalSection
	GlobalSection(SolutionProperties) = preSolution
		HideSolutionNode = FALSE
	EndGlobalSection
	GlobalSection(ExtensibilityGlobals) = postSolution
		SolutionGuid = {5DB64B58-79DB-4C66-B632-C325105F6C1A}
	EndGlobalSection
EndGlobal
